
Microsoft Visual Studio Solution File, Format Version 12.00
# Visual Studio Version 17
VisualStudioVersion = 17.4.33110.190
MinimumVisualStudioVersion = 10.0.40219.1
Project("{9A19103F-16F7-4668-BE54-9A1E7A4F7556}") = "18.11.2022_Homework", "WebApplication2\18.11.2022_Homework.csproj", "{3CCDFA62-59DC-4B32-92DE-747675385558}"
EndProject
Global
	GlobalSection(SolutionConfigurationPlatforms) = preSolution
		Debug|Any CPU = Debug|Any CPU
		Release|Any CPU = Release|Any CPU
	EndGlobalSection
	GlobalSection(ProjectConfigurationPlatforms) = postSolution
		{3CCDFA62-59DC-4B32-92DE-747675385558}.Debug|Any CPU.ActiveCfg = Debug|Any CPU
		{3CCDFA62-59DC-4B32-92DE-747675385558}.Debug|Any CPU.Build.0 = Debug|Any CPU
		{3CCDFA62-59DC-4B32-92DE-747675385558}.Release|Any CPU.ActiveCfg = Release|Any CPU
		{3CCDFA62-59DC-4B32-92DE-747675385558}.Release|Any CPU.Build.0 = Release|Any CPU
	EndGlobalSection
	GlobalSection(SolutionProperties) = preSolution
		HideSolutionNode = FALSE
	EndGlobalSection
	GlobalSection(ExtensibilityGlobals) = postSolution
		SolutionGuid = {2B29682C-B5DA-4B74-86DD-1E08D54C8FAC}
	EndGlobalSection
EndGlobal
